
Microsoft Visual Studio Solution File, Format Version 12.00
# Visual Studio Version 16
VisualStudioVersion = 16.0.31005.135
MinimumVisualStudioVersion = 10.0.40219.1
Project("{FAE04EC0-301F-11D3-BF4B-00C04F79EFBC}") = "projeto-teste", "projeto-teste\projeto-teste.csproj", "{B9032395-E907-4A28-BBDD-DC17DCF0DA9C}"
EndProject
Global
	GlobalSection(SolutionConfigurationPlatforms) = preSolution
		Debug|Any CPU = Debug|Any CPU
		Release|Any CPU = Release|Any CPU
	EndGlobalSection
	GlobalSection(ProjectConfigurationPlatforms) = postSolution
		{B9032395-E907-4A28-BBDD-DC17DCF0DA9C}.Debug|Any CPU.ActiveCfg = Debug|Any CPU
		{B9032395-E907-4A28-BBDD-DC17DCF0DA9C}.Debug|Any CPU.Build.0 = Debug|Any CPU
		{B9032395-E907-4A28-BBDD-DC17DCF0DA9C}.Release|Any CPU.ActiveCfg = Release|Any CPU
		{B9032395-E907-4A28-BBDD-DC17DCF0DA9C}.Release|Any CPU.Build.0 = Release|Any CPU
	EndGlobalSection
	GlobalSection(SolutionProperties) = preSolution
		HideSolutionNode = FALSE
	EndGlobalSection
	GlobalSection(ExtensibilityGlobals) = postSolution
		SolutionGuid = {EC8D115F-EE6E-4D00-B7BB-C28C44FBE323}
	EndGlobalSection
EndGlobal
